
Microsoft Visual Studio Solution File, Format Version 12.00
# Visual Studio Version 16
VisualStudioVersion = 16.0.29418.71
MinimumVisualStudioVersion = 10.0.40219.1
Project("{FAE04EC0-301F-11D3-BF4B-00C04F79EFBC}") = "NJ-Service", "NJ-Service\NJ-Service.csproj", "{FE7A2774-AC02-4CA1-A14B-564B03F38235}"
EndProject
Global
	GlobalSection(SolutionConfigurationPlatforms) = preSolution
		Debug|Any CPU = Debug|Any CPU
		Release|Any CPU = Release|Any CPU
	EndGlobalSection
	GlobalSection(ProjectConfigurationPlatforms) = postSolution
		{FE7A2774-AC02-4CA1-A14B-564B03F38235}.Debug|Any CPU.ActiveCfg = Debug|Any CPU
		{FE7A2774-AC02-4CA1-A14B-564B03F38235}.Debug|Any CPU.Build.0 = Debug|Any CPU
		{FE7A2774-AC02-4CA1-A14B-564B03F38235}.Release|Any CPU.ActiveCfg = Release|Any CPU
		{FE7A2774-AC02-4CA1-A14B-564B03F38235}.Release|Any CPU.Build.0 = Release|Any CPU
	EndGlobalSection
	GlobalSection(SolutionProperties) = preSolution
		HideSolutionNode = FALSE
	EndGlobalSection
	GlobalSection(ExtensibilityGlobals) = postSolution
		SolutionGuid = {5BCE4016-0C6E-4273-98B4-1D1F2D6DB7E9}
	EndGlobalSection
EndGlobal
